
Microsoft Visual Studio Solution File, Format Version 12.00
# Visual Studio Version 16
VisualStudioVersion = 16.0.29613.14
MinimumVisualStudioVersion = 10.0.40219.1
Project("{FAE04EC0-301F-11D3-BF4B-00C04F79EFBC}") = "Project SweepStakes", "Project SweepStakes\Project SweepStakes.csproj", "{20C62A3D-C4E1-4C4A-93D4-65843AEA6F6B}"
EndProject
Global
	GlobalSection(SolutionConfigurationPlatforms) = preSolution
		Debug|Any CPU = Debug|Any CPU
		Release|Any CPU = Release|Any CPU
	EndGlobalSection
	GlobalSection(ProjectConfigurationPlatforms) = postSolution
		{20C62A3D-C4E1-4C4A-93D4-65843AEA6F6B}.Debug|Any CPU.ActiveCfg = Debug|Any CPU
		{20C62A3D-C4E1-4C4A-93D4-65843AEA6F6B}.Debug|Any CPU.Build.0 = Debug|Any CPU
		{20C62A3D-C4E1-4C4A-93D4-65843AEA6F6B}.Release|Any CPU.ActiveCfg = Release|Any CPU
		{20C62A3D-C4E1-4C4A-93D4-65843AEA6F6B}.Release|Any CPU.Build.0 = Release|Any CPU
	EndGlobalSection
	GlobalSection(SolutionProperties) = preSolution
		HideSolutionNode = FALSE
	EndGlobalSection
	GlobalSection(ExtensibilityGlobals) = postSolution
		SolutionGuid = {94A69775-F9C2-43BF-8627-BAEF3D5F6AAB}
	EndGlobalSection
EndGlobal
